
Microsoft Visual Studio Solution File, Format Version 12.00
# Visual Studio Version 17
VisualStudioVersion = 17.2.32616.157
MinimumVisualStudioVersion = 10.0.40219.1
Project("{9A19103F-16F7-4668-BE54-9A1E7A4F7556}") = "ЖАБАснесПротуОтхУманота", "ЖАБАснесПротуОтхУманота.csproj", "{59920933-6FB1-4FC8-9306-4B31C4FFCA93}"
EndProject
Global
	GlobalSection(SolutionConfigurationPlatforms) = preSolution
		Debug|Any CPU = Debug|Any CPU
		Release|Any CPU = Release|Any CPU
	EndGlobalSection
	GlobalSection(ProjectConfigurationPlatforms) = postSolution
		{59920933-6FB1-4FC8-9306-4B31C4FFCA93}.Debug|Any CPU.ActiveCfg = Debug|Any CPU
		{59920933-6FB1-4FC8-9306-4B31C4FFCA93}.Debug|Any CPU.Build.0 = Debug|Any CPU
		{59920933-6FB1-4FC8-9306-4B31C4FFCA93}.Release|Any CPU.ActiveCfg = Release|Any CPU
		{59920933-6FB1-4FC8-9306-4B31C4FFCA93}.Release|Any CPU.Build.0 = Release|Any CPU
	EndGlobalSection
	GlobalSection(SolutionProperties) = preSolution
		HideSolutionNode = FALSE
	EndGlobalSection
	GlobalSection(ExtensibilityGlobals) = postSolution
		SolutionGuid = {084D5F99-48B1-44D3-B4C5-DDE2851AF01E}
	EndGlobalSection
EndGlobal
